
Microsoft Visual Studio Solution File, Format Version 12.00
# Visual Studio 15
VisualStudioVersion = 15.0.28307.489
MinimumVisualStudioVersion = 10.0.40219.1
Project("{FAE04EC0-301F-11D3-BF4B-00C04F79EFBC}") = "NALA", "NALA.csproj", "{AB54C851-35C7-4F58-9193-CEB22D4EBBDD}"
EndProject
Global
	GlobalSection(SolutionConfigurationPlatforms) = preSolution
		Debug|Any CPU = Debug|Any CPU
		Release|Any CPU = Release|Any CPU
	EndGlobalSection
	GlobalSection(ProjectConfigurationPlatforms) = postSolution
		{AB54C851-35C7-4F58-9193-CEB22D4EBBDD}.Debug|Any CPU.ActiveCfg = Debug|Any CPU
		{AB54C851-35C7-4F58-9193-CEB22D4EBBDD}.Debug|Any CPU.Build.0 = Debug|Any CPU
		{AB54C851-35C7-4F58-9193-CEB22D4EBBDD}.Release|Any CPU.ActiveCfg = Release|Any CPU
		{AB54C851-35C7-4F58-9193-CEB22D4EBBDD}.Release|Any CPU.Build.0 = Release|Any CPU
	EndGlobalSection
	GlobalSection(SolutionProperties) = preSolution
		HideSolutionNode = FALSE
	EndGlobalSection
	GlobalSection(ExtensibilityGlobals) = postSolution
		SolutionGuid = {A43D3461-AA67-4C60-A4A5-EB841094EA53}
	EndGlobalSection
EndGlobal
